{
  "nodes": {
    "home-manager": {
      "inputs": {
        "nixpkgs": "nixpkgs"
      },
      "locked": {
        "lastModified": 1729551526,
        "narHash": "sha256-7LAGY32Xl14OVQp3y6M43/0AtHYYvV6pdyBcp3eoz0s=",
        "owner": "nix-community",
        "repo": "home-manager",
        "rev": "5ec753a1fc4454df9285d8b3ec0809234defb975",
        "type": "github"
      },
      "original": {
        "owner": "nix-community",
        "ref": "master",
        "repo": "home-manager",
        "type": "github"
      }
    },
    "home-manager-cosmic": {
      "inputs": {
        "nixpkgs": "nixpkgs_2"
      },
      "locked": {
        "lastModified": 1729633506,
        "narHash": "sha256-DWJBRqIgR+oziSk38bZTFoMEvrSKREOc61BRyOHgmh8=",
        "owner": "tristanbeedell",
        "repo": "home-manager",
        "rev": "b826bf8c1d5e3e9600d6dc92563c661f97f60f71",
        "type": "github"
      },
      "original": {
        "owner": "tristanbeedell",
        "ref": "cosmic",
        "repo": "home-manager",
        "type": "github"
      }
    },
    "nixpkgs": {
      "locked": {
        "lastModified": 1729256560,
        "narHash": "sha256-/uilDXvCIEs3C9l73JTACm4quuHUsIHcns1c+cHUJwA=",
        "owner": "NixOS",
        "repo": "nixpkgs",
        "rev": "4c2fcb090b1f3e5b47eaa7bd33913b574a11e0a0",
        "type": "github"
      },
      "original": {
        "owner": "NixOS",
        "ref": "nixos-unstable",
        "repo": "nixpkgs",
        "type": "github"
      }
    },
    "nixpkgs_2": {
      "locked": {
        "lastModified": 1729256560,
        "narHash": "sha256-/uilDXvCIEs3C9l73JTACm4quuHUsIHcns1c+cHUJwA=",
        "owner": "NixOS",
        "repo": "nixpkgs",
        "rev": "4c2fcb090b1f3e5b47eaa7bd33913b574a11e0a0",
        "type": "github"
      },
      "original": {
        "owner": "NixOS",
        "ref": "nixos-unstable",
        "repo": "nixpkgs",
        "type": "github"
      }
    },
    "root": {
      "inputs": {
        "home-manager": "home-manager",
        "home-manager-cosmic": "home-manager-cosmic"
      }
    }
  },
  "root": "root",
  "version": 7
}
